{
  "name": "report-advisor-desktop",
  "version": "0.1.0",
  "lockfileVersion": 3,
  "requires": true,
  "packages": {
    "": {
      "name": "report-advisor-desktop",
      "version": "0.1.0",
      "devDependencies": {
        "electron": "^37.4.0",
        "electron-builder": "^26.0.12"
      }
    }
  }
}
